PODS:
  - Alamofire (4.8.2)
  - MarvelClient (1.0.0):
    - Alamofire (~> 4.8.2)

DEPENDENCIES:
  - MarvelClient (from `PruebaTecnica/swagger/Marvel/MarvelClient.podspec`)

SPEC REPOS:
  trunk:
    - Alamofire

EXTERNAL SOURCES:
  MarvelClient:
    :path: PruebaTecnica/swagger/Marvel/MarvelClient.podspec

SPEC CHECKSUMS:
  Alamofire: ae5c501addb7afdbb13687d7f2f722c78734c2d3
  MarvelClient: 8f0d026f0e8cba35333286cdf0299c6125fcc1a1

PODFILE CHECKSUM: 0b9c57d4bbb3087143bad27539fb8164490df804

COCOAPODS: 1.8.4
